
Microsoft Visual Studio Solution File, Format Version 12.00
# Visual Studio Version 17
VisualStudioVersion = 17.4.33103.184
MinimumVisualStudioVersion = 10.0.40219.1
Project("{FAE04EC0-301F-11D3-BF4B-00C04F79EFBC}") = "MVCD1", "MVCD1\MVCD1.csproj", "{56619F88-CC29-40DF-BBC7-A240F9EFA6DB}"
EndProject
Global
	GlobalSection(SolutionConfigurationPlatforms) = preSolution
		Debug|Any CPU = Debug|Any CPU
		Release|Any CPU = Release|Any CPU
	EndGlobalSection
	GlobalSection(ProjectConfigurationPlatforms) = postSolution
		{56619F88-CC29-40DF-BBC7-A240F9EFA6DB}.Debug|Any CPU.ActiveCfg = Debug|Any CPU
		{56619F88-CC29-40DF-BBC7-A240F9EFA6DB}.Debug|Any CPU.Build.0 = Debug|Any CPU
		{56619F88-CC29-40DF-BBC7-A240F9EFA6DB}.Release|Any CPU.ActiveCfg = Release|Any CPU
		{56619F88-CC29-40DF-BBC7-A240F9EFA6DB}.Release|Any CPU.Build.0 = Release|Any CPU
	EndGlobalSection
	GlobalSection(SolutionProperties) = preSolution
		HideSolutionNode = FALSE
	EndGlobalSection
	GlobalSection(ExtensibilityGlobals) = postSolution
		SolutionGuid = {1B855450-2A74-41A0-B904-6744F3E179CE}
	EndGlobalSection
EndGlobal
